// !$*UTF8*$!
{
	archiveVersion = 1;
	classes = {
	};
	objectVersion = 46;
	objects = {

/* Begin PBXBuildFile section */
		450AC1021B9999AE00EBE2A2 /* AppDelegate.m in Sources */ = {isa = PBXBuildFile; fileRef = 450AC1011B9999AE00EBE2A2 /* AppDelegate.m */; };
		450AC1041B9999AE00EBE2A2 /* main.m in Sources */ = {isa = PBXBuildFile; fileRef = 450AC1031B9999AE00EBE2A2 /* main.m */; };
		450AC1061B9999AE00EBE2A2 /* Images.xcassets in Resources */ = {isa = PBXBuildFile; fileRef = 450AC1051B9999AE00EBE2A2 /* Images.xcassets */; };
		450AC1091B9999AE00EBE2A2 /* MainMenu.xib in Resources */ = {isa = PBXBuildFile; fileRef = 450AC1071B9999AE00EBE2A2 /* MainMenu.xib */; };
		450AC1151B9999AE00EBE2A2 /* SaentClientModuleTests.m in Sources */ = {isa = PBXBuildFile; fileRef = 450AC1141B9999AE00EBE2A2 /* SaentClientModuleTests.m */; };
		450AC1251B999C3400EBE2A2 /* SocketClient.m in Sources */ = {isa = PBXBuildFile; fileRef = 450AC1241B999C3400EBE2A2 /* SocketClient.m */; };
		45CA15DD1BAA5EEB001B79CD /* DOClientProxy.m in Sources */ = {isa = PBXBuildFile; fileRef = 45CA15DC1BAA5EEB001B79CD /* DOClientProxy.m */; };
		45CA5EC81BA683C600275C82 /* DOClient.m in Sources */ = {isa = PBXBuildFile; fileRef = 45CA5EC71BA683C600275C82 /* DOClient.m */; };
		45CBD3061BB28A710045B5DA /* AppKit.framework in Frameworks */ = {isa = PBXBuildFile; fileRef = 45CBD3051BB28A710045B5DA /* AppKit.framework */; };
		45D361FF1BA7BECB00F56C44 /* BleConfig.m in Sources */ = {isa = PBXBuildFile; fileRef = 45D361FE1BA7BECB00F56C44 /* BleConfig.m */; };
/* End PBXBuildFile section */

/* Begin PBXContainerItemProxy section */
		450AC10F1B9999AE00EBE2A2 /* PBXContainerItemProxy */ = {
			isa = PBXContainerItemProxy;
			containerPortal = 450AC0F31B9999AE00EBE2A2 /* Project object */;
			proxyType = 1;
			remoteGlobalIDString = 450AC0FA1B9999AE00EBE2A2;
			remoteInfo = SaentClientModule;
		};
/* End PBXContainerItemProxy section */

/* Begin PBXFileReference section */
		450AC0FB1B9999AE00EBE2A2 /* SaentClientModule.app */ = {isa = PBXFileReference; explicitFileType = wrapper.application; includeInIndex = 0; path = SaentClientModule.app; sourceTree = BUILT_PRODUCTS_DIR; };
		450AC0FF1B9999AE00EBE2A2 /* Info.plist */ = {isa = PBXFileReference; lastKnownFileType = text.plist.xml; path = Info.plist; sourceTree = "<group>"; };
		450AC1001B9999AE00EBE2A2 /* AppDelegate.h */ = {isa = PBXFileReference; lastKnownFileType = sourcecode.c.h; path = AppDelegate.h; sourceTree = "<group>"; };
		450AC1011B9999AE00EBE2A2 /* AppDelegate.m */ = {isa = PBXFileReference; lastKnownFileType = sourcecode.c.objc; path = AppDelegate.m; sourceTree = "<group>"; };
		450AC1031B9999AE00EBE2A2 /* main.m */ = {isa = PBXFileReference; lastKnownFileType = sourcecode.c.objc; path = main.m; sourceTree = "<group>"; };
		450AC1051B9999AE00EBE2A2 /* Images.xcassets */ = {isa = PBXFileReference; lastKnownFileType = folder.assetcatalog; path = Images.xcassets; sourceTree = "<group>"; };
		450AC1081B9999AE00EBE2A2 /* Base */ = {isa = PBXFileReference; lastKnownFileType = file.xib; name = Base; path = Base.lproj/MainMenu.xib; sourceTree = "<group>"; };
		450AC10E1B9999AE00EBE2A2 /* SaentClientModuleTests.xctest */ = {isa = PBXFileReference; explicitFileType = wrapper.cfbundle; includeInIndex = 0; path = SaentClientModuleTests.xctest; sourceTree = BUILT_PRODUCTS_DIR; };
		450AC1131B9999AE00EBE2A2 /* Info.plist */ = {isa = PBXFileReference; lastKnownFileType = text.plist.xml; path = Info.plist; sourceTree = "<group>"; };
		450AC1141B9999AE00EBE2A2 /* SaentClientModuleTests.m */ = {isa = PBXFileReference; lastKnownFileType = sourcecode.c.objc; path = SaentClientModuleTests.m; sourceTree = "<group>"; };
		450AC1231B999C3400EBE2A2 /* SocketClient.h */ = {isa = PBXFileReference; fileEncoding = 4; lastKnownFileType = sourcecode.c.h; path = SocketClient.h; sourceTree = "<group>"; };
		450AC1241B999C3400EBE2A2 /* SocketClient.m */ = {isa = PBXFileReference; fileEncoding = 4; lastKnownFileType = sourcecode.c.objc; path = SocketClient.m; sourceTree = "<group>"; };
		45CA15DB1BAA5EEB001B79CD /* DOClientProxy.h */ = {isa = PBXFileReference; fileEncoding = 4; lastKnownFileType = sourcecode.c.h; path = DOClientProxy.h; sourceTree = "<group>"; };
		45CA15DC1BAA5EEB001B79CD /* DOClientProxy.m */ = {isa = PBXFileReference; fileEncoding = 4; lastKnownFileType = sourcecode.c.objc; path = DOClientProxy.m; sourceTree = "<group>"; };
		45CA5EC61BA683C600275C82 /* DOClient.h */ = {isa = PBXFileReference; fileEncoding = 4; lastKnownFileType = sourcecode.c.h; path = DOClient.h; sourceTree = "<group>"; };
		45CA5EC71BA683C600275C82 /* DOClient.m */ = {isa = PBXFileReference; fileEncoding = 4; lastKnownFileType = sourcecode.c.objc; path = DOClient.m; sourceTree = "<group>"; };
		45CBD3051BB28A710045B5DA /* AppKit.framework */ = {isa = PBXFileReference; lastKnownFileType = wrapper.framework; name = AppKit.framework; path = System/Library/Frameworks/AppKit.framework; sourceTree = SDKROOT; };
		45D361FD1BA7BECB00F56C44 /* BleConfig.h */ = {isa = PBXFileReference; fileEncoding = 4; lastKnownFileType = sourcecode.c.h; path = BleConfig.h; sourceTree = "<group>"; };
		45D361FE1BA7BECB00F56C44 /* BleConfig.m */ = {isa = PBXFileReference; fileEncoding = 4; lastKnownFileType = sourcecode.c.objc; path = BleConfig.m; sourceTree = "<group>"; };
		45D41DEB1B9D6BBC001379D3 /* SocketProtocol.h */ = {isa = PBXFileReference; lastKnownFileType = sourcecode.c.h; path = SocketProtocol.h; sourceTree = "<group>"; };
/* End PBXFileReference section */

/* Begin PBXFrameworksBuildPhase section */
		450AC0F81B9999AE00EBE2A2 /* Frameworks */ = {
			isa = PBXFrameworksBuildPhase;
			buildActionMask = 2147483647;
			files = (
				45CBD3061BB28A710045B5DA /* AppKit.framework in Frameworks */,
			);
			runOnlyForDeploymentPostprocessing = 0;
		};
		450AC10B1B9999AE00EBE2A2 /* Frameworks */ = {
			isa = PBXFrameworksBuildPhase;
			buildActionMask = 2147483647;
			files = (
			);
			runOnlyForDeploymentPostprocessing = 0;
		};
/* End PBXFrameworksBuildPhase section */

/* Begin PBXGroup section */
		450AC0F21B9999AE00EBE2A2 = {
			isa = PBXGroup;
			children = (
				45CBD3051BB28A710045B5DA /* AppKit.framework */,
				450AC0FD1B9999AE00EBE2A2 /* SaentClientModule */,
				450AC1111B9999AE00EBE2A2 /* SaentClientModuleTests */,
				450AC0FC1B9999AE00EBE2A2 /* Products */,
			);
			sourceTree = "<group>";
		};
		450AC0FC1B9999AE00EBE2A2 /* Products */ = {
			isa = PBXGroup;
			children = (
				450AC0FB1B9999AE00EBE2A2 /* SaentClientModule.app */,
				450AC10E1B9999AE00EBE2A2 /* SaentClientModuleTests.xctest */,
			);
			name = Products;
			sourceTree = "<group>";
		};
		450AC0FD1B9999AE00EBE2A2 /* SaentClientModule */ = {
			isa = PBXGroup;
			children = (
				450AC11F1B999ACC00EBE2A2 /* Framework */,
				450AC11E1B999AB200EBE2A2 /* Modules */,
				450AC1001B9999AE00EBE2A2 /* AppDelegate.h */,
				450AC1011B9999AE00EBE2A2 /* AppDelegate.m */,
				450AC1051B9999AE00EBE2A2 /* Images.xcassets */,
				450AC1071B9999AE00EBE2A2 /* MainMenu.xib */,
				450AC0FE1B9999AE00EBE2A2 /* Supporting Files */,
			);
			path = SaentClientModule;
			sourceTree = "<group>";
		};
		450AC0FE1B9999AE00EBE2A2 /* Supporting Files */ = {
			isa = PBXGroup;
			children = (
				450AC0FF1B9999AE00EBE2A2 /* Info.plist */,
				450AC1031B9999AE00EBE2A2 /* main.m */,
			);
			name = "Supporting Files";
			sourceTree = "<group>";
		};
		450AC1111B9999AE00EBE2A2 /* SaentClientModuleTests */ = {
			isa = PBXGroup;
			children = (
				450AC1141B9999AE00EBE2A2 /* SaentClientModuleTests.m */,
				450AC1121B9999AE00EBE2A2 /* Supporting Files */,
			);
			path = SaentClientModuleTests;
			sourceTree = "<group>";
		};
		450AC1121B9999AE00EBE2A2 /* Supporting Files */ = {
			isa = PBXGroup;
			children = (
				450AC1131B9999AE00EBE2A2 /* Info.plist */,
			);
			name = "Supporting Files";
			sourceTree = "<group>";
		};
		450AC11E1B999AB200EBE2A2 /* Modules */ = {
			isa = PBXGroup;
			children = (
				45D361FC1BA7BE9500F56C44 /* ConfigModule */,
				450AC1221B999B2200EBE2A2 /* SocketModule */,
			);
			name = Modules;
			sourceTree = "<group>";
		};
		450AC11F1B999ACC00EBE2A2 /* Framework */ = {
			isa = PBXGroup;
			children = (
				450AC1211B999B0100EBE2A2 /* Core Framework */,
				450AC1201B999AE300EBE2A2 /* Custom Framework */,
			);
			name = Framework;
			sourceTree = "<group>";
		};
		450AC1201B999AE300EBE2A2 /* Custom Framework */ = {
			isa = PBXGroup;
			children = (
			);
			name = "Custom Framework";
			sourceTree = "<group>";
		};
		450AC1211B999B0100EBE2A2 /* Core Framework */ = {
			isa = PBXGroup;
			children = (
			);
			name = "Core Framework";
			sourceTree = "<group>";
		};
		450AC1221B999B2200EBE2A2 /* SocketModule */ = {
			isa = PBXGroup;
			children = (
				450AC1231B999C3400EBE2A2 /* SocketClient.h */,
				450AC1241B999C3400EBE2A2 /* SocketClient.m */,
				45D41DEB1B9D6BBC001379D3 /* SocketProtocol.h */,
				45CA5EC61BA683C600275C82 /* DOClient.h */,
				45CA5EC71BA683C600275C82 /* DOClient.m */,
				45CA15DB1BAA5EEB001B79CD /* DOClientProxy.h */,
				45CA15DC1BAA5EEB001B79CD /* DOClientProxy.m */,
			);
			name = SocketModule;
			sourceTree = "<group>";
		};
		45D361FC1BA7BE9500F56C44 /* ConfigModule */ = {
			isa = PBXGroup;
			children = (
				45D361FD1BA7BECB00F56C44 /* BleConfig.h */,
				45D361FE1BA7BECB00F56C44 /* BleConfig.m */,
			);
			name = ConfigModule;
			sourceTree = "<group>";
		};
/* End PBXGroup section */

/* Begin PBXNativeTarget section */
		450AC0FA1B9999AE00EBE2A2 /* SaentClientModule */ = {
			isa = PBXNativeTarget;
			buildConfigurationList = 450AC1181B9999AE00EBE2A2 /* Build configuration list for PBXNativeTarget "SaentClientModule" */;
			buildPhases = (
				450AC0F71B9999AE00EBE2A2 /* Sources */,
				450AC0F81B9999AE00EBE2A2 /* Frameworks */,
				450AC0F91B9999AE00EBE2A2 /* Resources */,
			);
			buildRules = (
			);
			dependencies = (
			);
			name = SaentClientModule;
			productName = SaentClientModule;
			productReference = 450AC0FB1B9999AE00EBE2A2 /* SaentClientModule.app */;
			productType = "com.apple.product-type.application";
		};
		450AC10D1B9999AE00EBE2A2 /* SaentClientModuleTests */ = {
			isa = PBXNativeTarget;
			buildConfigurationList = 450AC11B1B9999AE00EBE2A2 /* Build configuration list for PBXNativeTarget "SaentClientModuleTests" */;
			buildPhases = (
				450AC10A1B9999AE00EBE2A2 /* Sources */,
				450AC10B1B9999AE00EBE2A2 /* Frameworks */,
				450AC10C1B9999AE00EBE2A2 /* Resources */,
			);
			buildRules = (
			);
			dependencies = (
				450AC1101B9999AE00EBE2A2 /* PBXTargetDependency */,
			);
			name = SaentClientModuleTests;
			productName = SaentClientModuleTests;
			productReference = 450AC10E1B9999AE00EBE2A2 /* SaentClientModuleTests.xctest */;
			productType = "com.apple.product-type.bundle.unit-test";
		};
/* End PBXNativeTarget section */

/* Begin PBXProject section */
		450AC0F31B9999AE00EBE2A2 /* Project object */ = {
			isa = PBXProject;
			attributes = {
				LastUpgradeCheck = 0610;
				ORGANIZATIONNAME = "APAC Builder";
				TargetAttributes = {
					450AC0FA1B9999AE00EBE2A2 = {
						CreatedOnToolsVersion = 6.1.1;
					};
					450AC10D1B9999AE00EBE2A2 = {
						CreatedOnToolsVersion = 6.1.1;
						TestTargetID = 450AC0FA1B9999AE00EBE2A2;
					};
				};
			};
			buildConfigurationList = 450AC0F61B9999AE00EBE2A2 /* Build configuration list for PBXProject "SaentClientModule" */;
			compatibilityVersion = "Xcode 3.2";
			developmentRegion = English;
			hasScannedForEncodings = 0;
			knownRegions = (
				en,
				Base,
			);
			mainGroup = 450AC0F21B9999AE00EBE2A2;
			productRefGroup = 450AC0FC1B9999AE00EBE2A2 /* Products */;
			projectDirPath = "";
			projectRoot = "";
			targets = (
				450AC0FA1B9999AE00EBE2A2 /* SaentClientModule */,
				450AC10D1B9999AE00EBE2A2 /* SaentClientModuleTests */,
			);
		};
/* End PBXProject section */

/* Begin PBXResourcesBuildPhase section */
		450AC0F91B9999AE00EBE2A2 /* Resources */ = {
			isa = PBXResourcesBuildPhase;
			buildActionMask = 2147483647;
			files = (
				450AC1061B9999AE00EBE2A2 /* Images.xcassets in Resources */,
				450AC1091B9999AE00EBE2A2 /* MainMenu.xib in Resources */,
			);
			runOnlyForDeploymentPostprocessing = 0;
		};
		450AC10C1B9999AE00EBE2A2 /* Resources */ = {
			isa = PBXResourcesBuildPhase;
			buildActionMask = 2147483647;
			files = (
			);
			runOnlyForDeploymentPostprocessing = 0;
		};
/* End PBXResourcesBuildPhase section */

/* Begin PBXSourcesBuildPhase section */
		450AC0F71B9999AE00EBE2A2 /* Sources */ = {
			isa = PBXSourcesBuildPhase;
			buildActionMask = 2147483647;
			files = (
				450AC1251B999C3400EBE2A2 /* SocketClient.m in Sources */,
				45D361FF1BA7BECB00F56C44 /* BleConfig.m in Sources */,
				45CA15DD1BAA5EEB001B79CD /* DOClientProxy.m in Sources */,
				450AC1041B9999AE00EBE2A2 /* main.m in Sources */,
				450AC1021B9999AE00EBE2A2 /* AppDelegate.m in Sources */,
				45CA5EC81BA683C600275C82 /* DOClient.m in Sources */,
			);
			runOnlyForDeploymentPostprocessing = 0;
		};
		450AC10A1B9999AE00EBE2A2 /* Sources */ = {
			isa = PBXSourcesBuildPhase;
			buildActionMask = 2147483647;
			files = (
				450AC1151B9999AE00EBE2A2 /* SaentClientModuleTests.m in Sources */,
			);
			runOnlyForDeploymentPostprocessing = 0;
		};
/* End PBXSourcesBuildPhase section */

/* Begin PBXTargetDependency section */
		450AC1101B9999AE00EBE2A2 /* PBXTargetDependency */ = {
			isa = PBXTargetDependency;
			target = 450AC0FA1B9999AE00EBE2A2 /* SaentClientModule */;
			targetProxy = 450AC10F1B9999AE00EBE2A2 /* PBXContainerItemProxy */;
		};
/* End PBXTargetDependency section */

/* Begin PBXVariantGroup section */
		450AC1071B9999AE00EBE2A2 /* MainMenu.xib */ = {
			isa = PBXVariantGroup;
			children = (
				450AC1081B9999AE00EBE2A2 /* Base */,
			);
			name = MainMenu.xib;
			sourceTree = "<group>";
		};
/* End PBXVariantGroup section */

/* Begin XCBuildConfiguration section */
		450AC1161B9999AE00EBE2A2 /* Debug */ = {
			isa = XCBuildConfiguration;
			buildSettings = {
				ALWAYS_SEARCH_USER_PATHS = NO;
				CLANG_CXX_LANGUAGE_STANDARD = "gnu++0x";
				CLANG_CXX_LIBRARY = "libc++";
				CLANG_ENABLE_MODULES = YES;
				CLANG_ENABLE_OBJC_ARC = YES;
				CLANG_WARN_BOOL_CONVERSION = YES;
				CLANG_WARN_CONSTANT_CONVERSION = YES;
				CLANG_WARN_DIRECT_OBJC_ISA_USAGE = YES_ERROR;
				CLANG_WARN_EMPTY_BODY = YES;
				CLANG_WARN_ENUM_CONVERSION = YES;
				CLANG_WARN_INT_CONVERSION = YES;
				CLANG_WARN_OBJC_ROOT_CLASS = YES_ERROR;
				CLANG_WARN_UNREACHABLE_CODE = YES;
				CLANG_WARN__DUPLICATE_METHOD_MATCH = YES;
				CODE_SIGN_IDENTITY = "-";
				COPY_PHASE_STRIP = NO;
				ENABLE_STRICT_OBJC_MSGSEND = YES;
				GCC_C_LANGUAGE_STANDARD = gnu99;
				GCC_DYNAMIC_NO_PIC = NO;
				GCC_OPTIMIZATION_LEVEL = 0;
				GCC_PREPROCESSOR_DEFINITIONS = (
					"DEBUG=1",
					"$(inherited)",
				);
				GCC_SYMBOLS_PRIVATE_EXTERN = NO;
				GCC_WARN_64_TO_32_BIT_CONVERSION = YES;
				GCC_WARN_ABOUT_RETURN_TYPE = YES_ERROR;
				GCC_WARN_UNDECLARED_SELECTOR = YES;
				GCC_WARN_UNINITIALIZED_AUTOS = YES_AGGRESSIVE;
				GCC_WARN_UNUSED_FUNCTION = YES;
				GCC_WARN_UNUSED_VARIABLE = YES;
				MACOSX_DEPLOYMENT_TARGET = 10.10;
				MTL_ENABLE_DEBUG_INFO = YES;
				ONLY_ACTIVE_ARCH = YES;
				SDKROOT = macosx;
			};
			name = Debug;
		};
		450AC1171B9999AE00EBE2A2 /* Release */ = {
			isa = XCBuildConfiguration;
			buildSettings = {
				ALWAYS_SEARCH_USER_PATHS = NO;
				CLANG_CXX_LANGUAGE_STANDARD = "gnu++0x";
				CLANG_CXX_LIBRARY = "libc++";
				CLANG_ENABLE_MODULES = YES;
				CLANG_ENABLE_OBJC_ARC = YES;
				CLANG_WARN_BOOL_CONVERSION = YES;
				CLANG_WARN_CONSTANT_CONVERSION = YES;
				CLANG_WARN_DIRECT_OBJC_ISA_USAGE = YES_ERROR;
				CLANG_WARN_EMPTY_BODY = YES;
				CLANG_WARN_ENUM_CONVERSION = YES;
				CLANG_WARN_INT_CONVERSION = YES;
				CLANG_WARN_OBJC_ROOT_CLASS = YES_ERROR;
				CLANG_WARN_UNREACHABLE_CODE = YES;
				CLANG_WARN__DUPLICATE_METHOD_MATCH = YES;
				CODE_SIGN_IDENTITY = "-";
				COPY_PHASE_STRIP = YES;
				DEBUG_INFORMATION_FORMAT = "dwarf-with-dsym";
				ENABLE_NS_ASSERTIONS = NO;
				ENABLE_STRICT_OBJC_MSGSEND = YES;
				GCC_C_LANGUAGE_STANDARD = gnu99;
				GCC_WARN_64_TO_32_BIT_CONVERSION = YES;
				GCC_WARN_ABOUT_RETURN_TYPE = YES_ERROR;
				GCC_WARN_UNDECLARED_SELECTOR = YES;
				GCC_WARN_UNINITIALIZED_AUTOS = YES_AGGRESSIVE;
				GCC_WARN_UNUSED_FUNCTION = YES;
				GCC_WARN_UNUSED_VARIABLE = YES;
				MACOSX_DEPLOYMENT_TARGET = 10.10;
				MTL_ENABLE_DEBUG_INFO = NO;
				SDKROOT = macosx;
			};
			name = Release;
		};
		450AC1191B9999AE00EBE2A2 /* Debug */ = {
			isa = XCBuildConfiguration;
			buildSettings = {
				ASSETCATALOG_COMPILER_APPICON_NAME = AppIcon;
				COMBINE_HIDPI_IMAGES = YES;
				INFOPLIST_FILE = SaentClientModule/Info.plist;
				LD_RUNPATH_SEARCH_PATHS = "$(inherited) @executable_path/../Frameworks";
				PRODUCT_NAME = "$(TARGET_NAME)";
			};
			name = Debug;
		};
		450AC11A1B9999AE00EBE2A2 /* Release */ = {
			isa = XCBuildConfiguration;
			buildSettings = {
				ASSETCATALOG_COMPILER_APPICON_NAME = AppIcon;
				COMBINE_HIDPI_IMAGES = YES;
				INFOPLIST_FILE = SaentClientModule/Info.plist;
				LD_RUNPATH_SEARCH_PATHS = "$(inherited) @executable_path/../Frameworks";
				PRODUCT_NAME = "$(TARGET_NAME)";
			};
			name = Release;
		};
		450AC11C1B9999AE00EBE2A2 /* Debug */ = {
			isa = XCBuildConfiguration;
			buildSettings = {
				BUNDLE_LOADER = "$(TEST_HOST)";
				COMBINE_HIDPI_IMAGES = YES;
				FRAMEWORK_SEARCH_PATHS = (
					"$(DEVELOPER_FRAMEWORKS_DIR)",
					"$(inherited)",
				);
				GCC_PREPROCESSOR_DEFINITIONS = (
					"DEBUG=1",
					"$(inherited)",
				);
				INFOPLIST_FILE = SaentClientModuleTests/Info.plist;
				LD_RUNPATH_SEARCH_PATHS = "$(inherited) @executable_path/../Frameworks @loader_path/../Frameworks";
				PRODUCT_NAME = "$(TARGET_NAME)";
				TEST_HOST = "$(BUILT_PRODUCTS_DIR)/SaentClientModule.app/Contents/MacOS/SaentClientModule";
			};
			name = Debug;
		};
		450AC11D1B9999AE00EBE2A2 /* Release */ = {
			isa = XCBuildConfiguration;
			buildSettings = {
				BUNDLE_LOADER = "$(TEST_HOST)";
				COMBINE_HIDPI_IMAGES = YES;
				FRAMEWORK_SEARCH_PATHS = (
					"$(DEVELOPER_FRAMEWORKS_DIR)",
					"$(inherited)",
				);
				INFOPLIST_FILE = SaentClientModuleTests/Info.plist;
				LD_RUNPATH_SEARCH_PATHS = "$(inherited) @executable_path/../Frameworks @loader_path/../Frameworks";
				PRODUCT_NAME = "$(TARGET_NAME)";
				TEST_HOST = "$(BUILT_PRODUCTS_DIR)/SaentClientModule.app/Contents/MacOS/SaentClientModule";
			};
			name = Release;
		};
/* End XCBuildConfiguration section */

/* Begin XCConfigurationList section */
		450AC0F61B9999AE00EBE2A2 /* Build configuration list for PBXProject "SaentClientModule" */ = {
			isa = XCConfigurationList;
			buildConfigurations = (
				450AC1161B9999AE00EBE2A2 /* Debug */,
				450AC1171B9999AE00EBE2A2 /* Release */,
			);
			defaultConfigurationIsVisible = 0;
			defaultConfigurationName = Release;
		};
		450AC1181B9999AE00EBE2A2 /* Build configuration list for PBXNativeTarget "SaentClientModule" */ = {
			isa = XCConfigurationList;
			buildConfigurations = (
				450AC1191B9999AE00EBE2A2 /* Debug */,
				450AC11A1B9999AE00EBE2A2 /* Release */,
			);
			defaultConfigurationIsVisible = 0;
			defaultConfigurationName = Release;
		};
		450AC11B1B9999AE00EBE2A2 /* Build configuration list for PBXNativeTarget "SaentClientModuleTests" */ = {
			isa = XCConfigurationList;
			buildConfigurations = (
				450AC11C1B9999AE00EBE2A2 /* Debug */,
				450AC11D1B9999AE00EBE2A2 /* Release */,
			);
			defaultConfigurationIsVisible = 0;
			defaultConfigurationName = Release;
		};
/* End XCConfigurationList section */
	};
	rootObject = 450AC0F31B9999AE00EBE2A2 /* Project object */;
}
